
Microsoft Visual Studio Solution File, Format Version 12.00
# Visual Studio Version 17
VisualStudioVersion = 17.3.32929.385
MinimumVisualStudioVersion = 10.0.40219.1
Project("{FAE04EC0-301F-11D3-BF4B-00C04F79EFBC}") = "Hometask2.cs", "Hometask2.cs\Hometask2.cs.csproj", "{DFBBD8FF-FFD6-4172-BF89-4949B3A1D982}"
EndProject
Global
	GlobalSection(SolutionConfigurationPlatforms) = preSolution
		Debug|Any CPU = Debug|Any CPU
		Release|Any CPU = Release|Any CPU
	EndGlobalSection
	GlobalSection(ProjectConfigurationPlatforms) = postSolution
		{DFBBD8FF-FFD6-4172-BF89-4949B3A1D982}.Debug|Any CPU.ActiveCfg = Debug|Any CPU
		{DFBBD8FF-FFD6-4172-BF89-4949B3A1D982}.Debug|Any CPU.Build.0 = Debug|Any CPU
		{DFBBD8FF-FFD6-4172-BF89-4949B3A1D982}.Release|Any CPU.ActiveCfg = Release|Any CPU
		{DFBBD8FF-FFD6-4172-BF89-4949B3A1D982}.Release|Any CPU.Build.0 = Release|Any CPU
	EndGlobalSection
	GlobalSection(SolutionProperties) = preSolution
		HideSolutionNode = FALSE
	EndGlobalSection
	GlobalSection(ExtensibilityGlobals) = postSolution
		SolutionGuid = {24190A3F-B2EC-4095-8235-1D10DA339550}
	EndGlobalSection
EndGlobal
