
Microsoft Visual Studio Solution File, Format Version 12.00
# Visual Studio Version 17
VisualStudioVersion = 17.3.32929.385
MinimumVisualStudioVersion = 10.0.40219.1
Project("{FAE04EC0-301F-11D3-BF4B-00C04F79EFBC}") = "Hometask3.cs", "Hometask3.cs\Hometask3.cs.csproj", "{A7FDB7D1-B8F4-4C74-8A47-09F726E23B5D}"
EndProject
Global
	GlobalSection(SolutionConfigurationPlatforms) = preSolution
		Debug|Any CPU = Debug|Any CPU
		Release|Any CPU = Release|Any CPU
	EndGlobalSection
	GlobalSection(ProjectConfigurationPlatforms) = postSolution
		{A7FDB7D1-B8F4-4C74-8A47-09F726E23B5D}.Debug|Any CPU.ActiveCfg = Debug|Any CPU
		{A7FDB7D1-B8F4-4C74-8A47-09F726E23B5D}.Debug|Any CPU.Build.0 = Debug|Any CPU
		{A7FDB7D1-B8F4-4C74-8A47-09F726E23B5D}.Release|Any CPU.ActiveCfg = Release|Any CPU
		{A7FDB7D1-B8F4-4C74-8A47-09F726E23B5D}.Release|Any CPU.Build.0 = Release|Any CPU
	EndGlobalSection
	GlobalSection(SolutionProperties) = preSolution
		HideSolutionNode = FALSE
	EndGlobalSection
	GlobalSection(ExtensibilityGlobals) = postSolution
		SolutionGuid = {227C65F9-0719-4996-83A1-6F543BADB130}
	EndGlobalSection
EndGlobal
